
Microsoft Visual Studio Solution File, Format Version 12.00
# Visual Studio 15
Project("{FAE04EC0-301F-11D3-BF4B-00C04F79EFBC}") = "Assembly-CSharp", "Assembly-CSharp.csproj", "{1C0E356D-86A3-3825-7161-321087C2B90B}"
EndProject
Project("{FAE04EC0-301F-11D3-BF4B-00C04F79EFBC}") = "Assembly-CSharp-Editor", "Assembly-CSharp-Editor.csproj", "{5FDEB78C-7E1D-E09B-A9C5-12722AF56CF6}"
EndProject
Global
	GlobalSection(SolutionConfigurationPlatforms) = preSolution
		Debug|Any CPU = Debug|Any CPU
		Release|Any CPU = Release|Any CPU
	EndGlobalSection
	GlobalSection(ProjectConfigurationPlatforms) = postSolution
		{1C0E356D-86A3-3825-7161-321087C2B90B}.Debug|Any CPU.ActiveCfg = Debug|Any CPU
		{1C0E356D-86A3-3825-7161-321087C2B90B}.Debug|Any CPU.Build.0 = Debug|Any CPU
		{1C0E356D-86A3-3825-7161-321087C2B90B}.Release|Any CPU.ActiveCfg = Release|Any CPU
		{1C0E356D-86A3-3825-7161-321087C2B90B}.Release|Any CPU.Build.0 = Release|Any CPU
		{5FDEB78C-7E1D-E09B-A9C5-12722AF56CF6}.Debug|Any CPU.ActiveCfg = Debug|Any CPU
		{5FDEB78C-7E1D-E09B-A9C5-12722AF56CF6}.Debug|Any CPU.Build.0 = Debug|Any CPU
		{5FDEB78C-7E1D-E09B-A9C5-12722AF56CF6}.Release|Any CPU.ActiveCfg = Release|Any CPU
		{5FDEB78C-7E1D-E09B-A9C5-12722AF56CF6}.Release|Any CPU.Build.0 = Release|Any CPU
	EndGlobalSection
	GlobalSection(SolutionProperties) = preSolution
		HideSolutionNode = FALSE
	EndGlobalSection
EndGlobal
